# Generated by pub
# See http://pub.dartlang.org/doc/glossary.html#lockfile
packages:
  analyzer_experimental:
    description: analyzer_experimental
    source: hosted
    version: "0.7.2+1"
  args:
    description: args
    source: hosted
    version: "0.7.2+1"
  bootjack:
    description: bootjack
    source: hosted
    version: "0.6.0+1"
  browser:
    description: browser
    source: hosted
    version: "0.7.2+1"
  dquery:
    description: dquery
    source: hosted
    version: "0.5.2"
  intl:
    description: intl
    source: hosted
    version: "0.7.2+1"
  logging:
    description: logging
    source: hosted
    version: "0.7.2+1"
  meta:
    description: meta
    source: hosted
    version: "0.7.2+1"
  path:
    description: path
    source: hosted
    version: "0.7.2+1"
  rikulo_commons:
    description: rikulo_commons
    source: hosted
    version: "0.8.5"
  stack_trace:
    description: stack_trace
    source: hosted
    version: "0.7.2+1"
  unittest:
    description: unittest
    source: hosted
    version: "0.7.2+1"
  unmodifiable_collection:
    description: unmodifiable_collection
    source: hosted
    version: "0.7.2+1"
